
Microsoft Visual Studio Solution File, Format Version 12.00
# Visual Studio Version 17
VisualStudioVersion = 17.1.32414.318
MinimumVisualStudioVersion = 10.0.40219.1
Project("{FAE04EC0-301F-11D3-BF4B-00C04F79EFBC}") = "EmployeeCrudOperation", "EmployeeCrudOperation\EmployeeCrudOperation.csproj", "{799A53CF-C8B7-417D-B93F-3BEC2F1AF455}"
EndProject
Global
	GlobalSection(SolutionConfigurationPlatforms) = preSolution
		Debug|Any CPU = Debug|Any CPU
		Release|Any CPU = Release|Any CPU
	EndGlobalSection
	GlobalSection(ProjectConfigurationPlatforms) = postSolution
		{799A53CF-C8B7-417D-B93F-3BEC2F1AF455}.Debug|Any CPU.ActiveCfg = Debug|Any CPU
		{799A53CF-C8B7-417D-B93F-3BEC2F1AF455}.Debug|Any CPU.Build.0 = Debug|Any CPU
		{799A53CF-C8B7-417D-B93F-3BEC2F1AF455}.Release|Any CPU.ActiveCfg = Release|Any CPU
		{799A53CF-C8B7-417D-B93F-3BEC2F1AF455}.Release|Any CPU.Build.0 = Release|Any CPU
	EndGlobalSection
	GlobalSection(SolutionProperties) = preSolution
		HideSolutionNode = FALSE
	EndGlobalSection
	GlobalSection(ExtensibilityGlobals) = postSolution
		SolutionGuid = {0170D4D3-88CC-4B2D-A0FB-A5D880260ADC}
	EndGlobalSection
EndGlobal
